
Microsoft Visual Studio Solution File, Format Version 12.00
# Visual Studio Express 2013 for Web
VisualStudioVersion = 12.0.30723.0
MinimumVisualStudioVersion = 10.0.40219.1
Project("{2150E333-8FDC-42A3-9474-1A3956D46DE8}") = ".settings", ".settings", "{CD0C4FB4-546D-40A9-9401-85F4A44E839D}"
	ProjectSection(SolutionItems) = preProject
		.bowerrc = .bowerrc
		.gitattributes = .gitattributes
		.gitignore = .gitignore
		bower.json = bower.json
		Gruntfile.js = Gruntfile.js
		package.json = package.json
		Requirements.txt = Requirements.txt
	EndProjectSection
EndProject
Project("{F2A71F9B-5D33-465A-A702-920D77279786}") = "Predictions.Api", "Predictions.Api\Predictions.Api.fsproj", "{9E5A39D8-EC5F-4169-B54B-42DB5293E3E4}"
EndProject
Project("{FAE04EC0-301F-11D3-BF4B-00C04F79EFBC}") = "Predictions.Host", "Predictions.Host\Predictions.Host.csproj", "{1616D15C-1BC6-4ED0-B303-543787EFBCEA}"
EndProject
Project("{FAE04EC0-301F-11D3-BF4B-00C04F79EFBC}") = "Predictions.Host.AppHb", "Predictions.Host.AppHb\Predictions.Host.AppHb.csproj", "{70EFF670-38B3-4C26-9BF2-BBA61AEDBDC8}"
EndProject
Global
	GlobalSection(SolutionConfigurationPlatforms) = preSolution
		Debug|Any CPU = Debug|Any CPU
		Release|Any CPU = Release|Any CPU
	EndGlobalSection
	GlobalSection(ProjectConfigurationPlatforms) = postSolution
		{9E5A39D8-EC5F-4169-B54B-42DB5293E3E4}.Debug|Any CPU.ActiveCfg = Debug|Any CPU
		{9E5A39D8-EC5F-4169-B54B-42DB5293E3E4}.Debug|Any CPU.Build.0 = Debug|Any CPU
		{9E5A39D8-EC5F-4169-B54B-42DB5293E3E4}.Release|Any CPU.ActiveCfg = Release|Any CPU
		{9E5A39D8-EC5F-4169-B54B-42DB5293E3E4}.Release|Any CPU.Build.0 = Release|Any CPU
		{1616D15C-1BC6-4ED0-B303-543787EFBCEA}.Debug|Any CPU.ActiveCfg = Debug|Any CPU
		{1616D15C-1BC6-4ED0-B303-543787EFBCEA}.Debug|Any CPU.Build.0 = Debug|Any CPU
		{1616D15C-1BC6-4ED0-B303-543787EFBCEA}.Release|Any CPU.ActiveCfg = Release|Any CPU
		{1616D15C-1BC6-4ED0-B303-543787EFBCEA}.Release|Any CPU.Build.0 = Release|Any CPU
		{70EFF670-38B3-4C26-9BF2-BBA61AEDBDC8}.Debug|Any CPU.ActiveCfg = Debug|Any CPU
		{70EFF670-38B3-4C26-9BF2-BBA61AEDBDC8}.Debug|Any CPU.Build.0 = Debug|Any CPU
		{70EFF670-38B3-4C26-9BF2-BBA61AEDBDC8}.Release|Any CPU.ActiveCfg = Release|Any CPU
		{70EFF670-38B3-4C26-9BF2-BBA61AEDBDC8}.Release|Any CPU.Build.0 = Release|Any CPU
	EndGlobalSection
	GlobalSection(SolutionProperties) = preSolution
		HideSolutionNode = FALSE
	EndGlobalSection
EndGlobal
