
Microsoft Visual Studio Solution File, Format Version 12.00
# Visual Studio 2013
VisualStudioVersion = 12.0.31101.0
MinimumVisualStudioVersion = 10.0.40219.1
Project("{2150E333-8FDC-42A3-9474-1A3956D46DE8}") = ".paket", ".paket", "{E677D85C-B573-4A75-AB68-3548A574A3B0}"
	ProjectSection(SolutionItems) = preProject
		paket.dependencies = paket.dependencies
	EndProjectSection
EndProject
Project("{2150E333-8FDC-42A3-9474-1A3956D46DE8}") = ".settings", ".settings", "{CD0C4FB4-546D-40A9-9401-85F4A44E839D}"
	ProjectSection(SolutionItems) = preProject
		.bowerrc = .bowerrc
		.gitattributes = .gitattributes
		.gitignore = .gitignore
		appveyor.yml = appveyor.yml
		bootstrap.sh = bootstrap.sh
		bower.json = bower.json
		build.bat = build.bat
		build.fsx = build.fsx
		Gruntfile.js = Gruntfile.js
		package.json = package.json
		Requirements.txt = Requirements.txt
		run.sh = run.sh
		Vagrantfile = Vagrantfile
	EndProjectSection
EndProject
Project("{F2A71F9B-5D33-465A-A702-920D77279786}") = "Predictions.Api", "Predictions.Api\Predictions.Api.fsproj", "{9E5A39D8-EC5F-4169-B54B-42DB5293E3E4}"
EndProject
Project("{FAE04EC0-301F-11D3-BF4B-00C04F79EFBC}") = "Predictions.Sql", "Predictions.Sql\Predictions.Sql.csproj", "{91E76B78-0B9D-4886-BFE3-156FA9F042EA}"
EndProject
Global
	GlobalSection(SolutionConfigurationPlatforms) = preSolution
		Debug|Any CPU = Debug|Any CPU
		Release|Any CPU = Release|Any CPU
	EndGlobalSection
	GlobalSection(ProjectConfigurationPlatforms) = postSolution
		{9E5A39D8-EC5F-4169-B54B-42DB5293E3E4}.Debug|Any CPU.ActiveCfg = Debug|Any CPU
		{9E5A39D8-EC5F-4169-B54B-42DB5293E3E4}.Debug|Any CPU.Build.0 = Debug|Any CPU
		{9E5A39D8-EC5F-4169-B54B-42DB5293E3E4}.Release|Any CPU.ActiveCfg = Release|Any CPU
		{9E5A39D8-EC5F-4169-B54B-42DB5293E3E4}.Release|Any CPU.Build.0 = Release|Any CPU
		{91E76B78-0B9D-4886-BFE3-156FA9F042EA}.Debug|Any CPU.ActiveCfg = Debug|Any CPU
		{91E76B78-0B9D-4886-BFE3-156FA9F042EA}.Debug|Any CPU.Build.0 = Debug|Any CPU
		{91E76B78-0B9D-4886-BFE3-156FA9F042EA}.Release|Any CPU.ActiveCfg = Release|Any CPU
		{91E76B78-0B9D-4886-BFE3-156FA9F042EA}.Release|Any CPU.Build.0 = Release|Any CPU
	EndGlobalSection
	GlobalSection(SolutionProperties) = preSolution
		HideSolutionNode = FALSE
	EndGlobalSection
EndGlobal
